
Microsoft Visual Studio Solution File, Format Version 12.00
# Visual Studio Version 17
VisualStudioVersion = 17.13.35913.81 d17.13
MinimumVisualStudioVersion = 10.0.40219.1
Project("{FAE04EC0-301F-11D3-BF4B-00C04F79EFBC}") = "School-Server", "School-Server.csproj", "{CA8AA23B-C8D7-49C9-B4BB-EE4B79797669}"
EndProject
Global
	GlobalSection(SolutionConfigurationPlatforms) = preSolution
		Debug|Any CPU = Debug|Any CPU
		Release|Any CPU = Release|Any CPU
	EndGlobalSection
	GlobalSection(ProjectConfigurationPlatforms) = postSolution
		{CA8AA23B-C8D7-49C9-B4BB-EE4B79797669}.Debug|Any CPU.ActiveCfg = Debug|Any CPU
		{CA8AA23B-C8D7-49C9-B4BB-EE4B79797669}.Debug|Any CPU.Build.0 = Debug|Any CPU
		{CA8AA23B-C8D7-49C9-B4BB-EE4B79797669}.Release|Any CPU.ActiveCfg = Release|Any CPU
		{CA8AA23B-C8D7-49C9-B4BB-EE4B79797669}.Release|Any CPU.Build.0 = Release|Any CPU
	EndGlobalSection
	GlobalSection(SolutionProperties) = preSolution
		HideSolutionNode = FALSE
	EndGlobalSection
	GlobalSection(ExtensibilityGlobals) = postSolution
		SolutionGuid = {80869EB7-9451-4CCA-BDAF-F5AF326B5B79}
	EndGlobalSection
EndGlobal
